// !$*UTF8*$!
{
	archiveVersion = 1;
	classes = {
	};
	objectVersion = 45;
	objects = {

/* Begin PBXBuildFile section */
		1DDD58160DA1D0A300B32029 /* MainMenu.xib in Resources */ = {isa = PBXBuildFile; fileRef = 1DDD58140DA1D0A300B32029 /* MainMenu.xib */; };
		303509031233175700DDD914 /* Armadillo.m in Sources */ = {isa = PBXBuildFile; fileRef = 303509021233175700DDD914 /* Armadillo.m */; };
		303509061233176500DDD914 /* crossam2.c in Sources */ = {isa = PBXBuildFile; fileRef = 303509051233176500DDD914 /* crossam2.c */; };
		3035090B1233177800DDD914 /* serial.c in Sources */ = {isa = PBXBuildFile; fileRef = 303509071233177800DDD914 /* serial.c */; };
		3035090C1233177800DDD914 /* pcoprs1.c in Sources */ = {isa = PBXBuildFile; fileRef = 303509091233177800DDD914 /* pcoprs1.c */; };
		30350A3F123317AA00DDD914 /* IOKit.framework in Frameworks */ = {isa = PBXBuildFile; fileRef = 30350A3E123317AA00DDD914 /* IOKit.framework */; };
		304125F5123EE28D00BDD47C /* genir.c in Sources */ = {isa = PBXBuildFile; fileRef = 304125F4123EE28D00BDD47C /* genir.c */; };
		304B8FEF124B7CA30076FC99 /* bitbang.c in Sources */ = {isa = PBXBuildFile; fileRef = 304B8FEE124B7CA30076FC99 /* bitbang.c */; };
		307EF11A1245CC6100A021AD /* IrPatternView.m in Sources */ = {isa = PBXBuildFile; fileRef = 307EF1191245CC6100A021AD /* IrPatternView.m */; };
		309B55C71251E2F300EDA358 /* appleremote.c in Sources */ = {isa = PBXBuildFile; fileRef = 309B55C61251E2F300EDA358 /* appleremote.c */; };
		8D11072B0486CEB800E47090 /* InfoPlist.strings in Resources */ = {isa = PBXBuildFile; fileRef = 089C165CFE840E0CC02AAC07 /* InfoPlist.strings */; };
		8D11072D0486CEB800E47090 /* main.m in Sources */ = {isa = PBXBuildFile; fileRef = 29B97316FDCFA39411CA2CEA /* main.m */; settings = {ATTRIBUTES = (); }; };
		8D11072F0486CEB800E47090 /* Cocoa.framework in Frameworks */ = {isa = PBXBuildFile; fileRef = 1058C7A1FEA54F0111CA2CBB /* Cocoa.framework */; };
		F5C2182213F29D8000C676FF /* ArmadilloSuite.scriptSuite in Resources */ = {isa = PBXBuildFile; fileRef = F5C2180613F291CC00C676FF /* ArmadilloSuite.scriptSuite */; };
		F5C2182313F29D8000C676FF /* ArmadilloSuite.scriptTerminology in Resources */ = {isa = PBXBuildFile; fileRef = F5C2180713F291CC00C676FF /* ArmadilloSuite.scriptTerminology */; };
		F5FDCCED163C96A90043C30A /* Armadillo.icns in Resources */ = {isa = PBXBuildFile; fileRef = F5FDCCEC163C96A90043C30A /* Armadillo.icns */; };
		F5FDCCFA163C980B0043C30A /* libftd2xx.1.1.0.dylib in Frameworks */ = {isa = PBXBuildFile; fileRef = F5FDCCF9163C980B0043C30A /* libftd2xx.1.1.0.dylib */; };
		F5FDCD0A163C98DF0043C30A /* libftd2xx.1.1.0.dylib in CopyFiles */ = {isa = PBXBuildFile; fileRef = F5FDCCF9163C980B0043C30A /* libftd2xx.1.1.0.dylib */; };
/* End PBXBuildFile section */

/* Begin PBXCopyFilesBuildPhase section */
		30DE5B8F124B8DE700D7F231 /* CopyFiles */ = {
			isa = PBXCopyFilesBuildPhase;
			buildActionMask = 2147483647;
			dstPath = "";
			dstSubfolderSpec = 10;
			files = (
				F5FDCD0A163C98DF0043C30A /* libftd2xx.1.1.0.dylib in CopyFiles */,
			);
			runOnlyForDeploymentPostprocessing = 0;
		};
/* End PBXCopyFilesBuildPhase section */

/* Begin PBXFileReference section */
		089C165DFE840E0CC02AAC07 /* English */ = {isa = PBXFileReference; fileEncoding = 10; lastKnownFileType = text.plist.strings; name = English; path = English.lproj/InfoPlist.strings; sourceTree = "<group>"; };
		1058C7A1FEA54F0111CA2CBB /* Cocoa.framework */ = {isa = PBXFileReference; lastKnownFileType = wrapper.framework; name = Cocoa.framework; path = /System/Library/Frameworks/Cocoa.framework; sourceTree = "<absolute>"; };
		13E42FB307B3F0F600E4EEF1 /* CoreData.framework */ = {isa = PBXFileReference; lastKnownFileType = wrapper.framework; name = CoreData.framework; path = /System/Library/Frameworks/CoreData.framework; sourceTree = "<absolute>"; };
		1DDD58150DA1D0A300B32029 /* English */ = {isa = PBXFileReference; lastKnownFileType = file.xib; name = English; path = English.lproj/MainMenu.xib; sourceTree = "<group>"; };
		29B97316FDCFA39411CA2CEA /* main.m */ = {isa = PBXFileReference; fileEncoding = 4; lastKnownFileType = sourcecode.c.objc; path = main.m; sourceTree = "<group>"; };
		29B97324FDCFA39411CA2CEA /* AppKit.framework */ = {isa = PBXFileReference; lastKnownFileType = wrapper.framework; name = AppKit.framework; path = /System/Library/Frameworks/AppKit.framework; sourceTree = "<absolute>"; };
		29B97325FDCFA39411CA2CEA /* Foundation.framework */ = {isa = PBXFileReference; lastKnownFileType = wrapper.framework; name = Foundation.framework; path = /System/Library/Frameworks/Foundation.framework; sourceTree = "<absolute>"; };
		303509011233175700DDD914 /* Armadillo.h */ = {isa = PBXFileReference; fileEncoding = 4; lastKnownFileType = sourcecode.c.h; path = Armadillo.h; sourceTree = "<group>"; };
		303509021233175700DDD914 /* Armadillo.m */ = {isa = PBXFileReference; fileEncoding = 4; lastKnownFileType = sourcecode.c.objc; path = Armadillo.m; sourceTree = "<group>"; };
		303509041233176500DDD914 /* crossam2.h */ = {isa = PBXFileReference; fileEncoding = 4; lastKnownFileType = sourcecode.c.h; path = crossam2.h; sourceTree = "<group>"; };
		303509051233176500DDD914 /* crossam2.c */ = {isa = PBXFileReference; fileEncoding = 4; lastKnownFileType = sourcecode.c.c; path = crossam2.c; sourceTree = "<group>"; };
		303509071233177800DDD914 /* serial.c */ = {isa = PBXFileReference; fileEncoding = 4; lastKnownFileType = sourcecode.c.c; path = serial.c; sourceTree = "<group>"; };
		303509081233177800DDD914 /* pcoprs1.h */ = {isa = PBXFileReference; fileEncoding = 4; lastKnownFileType = sourcecode.c.h; path = pcoprs1.h; sourceTree = "<group>"; };
		303509091233177800DDD914 /* pcoprs1.c */ = {isa = PBXFileReference; fileEncoding = 4; lastKnownFileType = sourcecode.c.c; path = pcoprs1.c; sourceTree = "<group>"; };
		3035090A1233177800DDD914 /* serial.h */ = {isa = PBXFileReference; fileEncoding = 4; lastKnownFileType = sourcecode.c.h; path = serial.h; sourceTree = "<group>"; };
		30350A3E123317AA00DDD914 /* IOKit.framework */ = {isa = PBXFileReference; lastKnownFileType = wrapper.framework; name = IOKit.framework; path = /System/Library/Frameworks/IOKit.framework; sourceTree = "<absolute>"; };
		304125F3123EE28D00BDD47C /* genir.h */ = {isa = PBXFileReference; fileEncoding = 4; lastKnownFileType = sourcecode.c.h; path = genir.h; sourceTree = "<group>"; };
		304125F4123EE28D00BDD47C /* genir.c */ = {isa = PBXFileReference; fileEncoding = 4; lastKnownFileType = sourcecode.c.c; path = genir.c; sourceTree = "<group>"; };
		304264E212581884004E83A2 /* main.h */ = {isa = PBXFileReference; fileEncoding = 4; lastKnownFileType = sourcecode.c.h; path = main.h; sourceTree = "<group>"; };
		304B8FED124B7CA30076FC99 /* bitbang.h */ = {isa = PBXFileReference; fileEncoding = 4; lastKnownFileType = sourcecode.c.h; path = bitbang.h; sourceTree = "<group>"; };
		304B8FEE124B7CA30076FC99 /* bitbang.c */ = {isa = PBXFileReference; fileEncoding = 4; lastKnownFileType = sourcecode.c.c; path = bitbang.c; sourceTree = "<group>"; };
		304B8FF3124B7D9D0076FC99 /* ftd2xx.h */ = {isa = PBXFileReference; fileEncoding = 4; lastKnownFileType = sourcecode.c.h; path = ftd2xx.h; sourceTree = "<group>"; };
		304B8FF8124B7E2F0076FC99 /* WinTypes.h */ = {isa = PBXFileReference; fileEncoding = 4; lastKnownFileType = sourcecode.c.h; path = WinTypes.h; sourceTree = "<group>"; };
		307EF1181245CC6100A021AD /* IrPatternView.h */ = {isa = PBXFileReference; fileEncoding = 4; lastKnownFileType = sourcecode.c.h; path = IrPatternView.h; sourceTree = "<group>"; };
		307EF1191245CC6100A021AD /* IrPatternView.m */ = {isa = PBXFileReference; fileEncoding = 4; lastKnownFileType = sourcecode.c.objc; path = IrPatternView.m; sourceTree = "<group>"; };
		309B4D8A1253F2A400F8CE75 /* ArmadilloSuite.sdef */ = {isa = PBXFileReference; fileEncoding = 4; lastKnownFileType = text.sdef; path = ArmadilloSuite.sdef; sourceTree = "<group>"; };
		309B55C51251E2F300EDA358 /* appleremote.h */ = {isa = PBXFileReference; fileEncoding = 4; lastKnownFileType = sourcecode.c.h; path = appleremote.h; sourceTree = "<group>"; };
		309B55C61251E2F300EDA358 /* appleremote.c */ = {isa = PBXFileReference; fileEncoding = 4; lastKnownFileType = sourcecode.c.c; path = appleremote.c; sourceTree = "<group>"; };
		32CA4F630368D1EE00C91783 /* Armadillo_Prefix.pch */ = {isa = PBXFileReference; fileEncoding = 4; lastKnownFileType = sourcecode.c.h; path = Armadillo_Prefix.pch; sourceTree = "<group>"; };
		8D1107310486CEB800E47090 /* Info.plist */ = {isa = PBXFileReference; fileEncoding = 4; lastKnownFileType = text.plist.xml; path = Info.plist; sourceTree = "<group>"; };
		8D1107320486CEB800E47090 /* Armadillo.app */ = {isa = PBXFileReference; explicitFileType = wrapper.application; includeInIndex = 0; path = Armadillo.app; sourceTree = BUILT_PRODUCTS_DIR; };
		F5C2180613F291CC00C676FF /* ArmadilloSuite.scriptSuite */ = {isa = PBXFileReference; fileEncoding = 4; lastKnownFileType = text.plist.scriptSuite; path = ArmadilloSuite.scriptSuite; sourceTree = "<group>"; };
		F5C2180713F291CC00C676FF /* ArmadilloSuite.scriptTerminology */ = {isa = PBXFileReference; fileEncoding = 4; lastKnownFileType = text.plist.scriptTerminology; path = ArmadilloSuite.scriptTerminology; sourceTree = "<group>"; };
		F5FDCCEC163C96A90043C30A /* Armadillo.icns */ = {isa = PBXFileReference; lastKnownFileType = image.icns; path = Armadillo.icns; sourceTree = "<group>"; };
		F5FDCCF9163C980B0043C30A /* libftd2xx.1.1.0.dylib */ = {isa = PBXFileReference; lastKnownFileType = "compiled.mach-o.dylib"; name = libftd2xx.1.1.0.dylib; path = ../FT_D2XX_Lib.1.1.0/D2XX/bin/10.4/libftd2xx.1.1.0.dylib; sourceTree = SOURCE_ROOT; };
/* End PBXFileReference section */

/* Begin PBXFrameworksBuildPhase section */
		8D11072E0486CEB800E47090 /* Frameworks */ = {
			isa = PBXFrameworksBuildPhase;
			buildActionMask = 2147483647;
			files = (
				8D11072F0486CEB800E47090 /* Cocoa.framework in Frameworks */,
				30350A3F123317AA00DDD914 /* IOKit.framework in Frameworks */,
				F5FDCCFA163C980B0043C30A /* libftd2xx.1.1.0.dylib in Frameworks */,
			);
			runOnlyForDeploymentPostprocessing = 0;
		};
/* End PBXFrameworksBuildPhase section */

/* Begin PBXGroup section */
		080E96DDFE201D6D7F000001 /* Classes */ = {
			isa = PBXGroup;
			children = (
				303509011233175700DDD914 /* Armadillo.h */,
				303509021233175700DDD914 /* Armadillo.m */,
				307EF1181245CC6100A021AD /* IrPatternView.h */,
				307EF1191245CC6100A021AD /* IrPatternView.m */,
			);
			name = Classes;
			sourceTree = "<group>";
		};
		1058C7A0FEA54F0111CA2CBB /* Linked Frameworks */ = {
			isa = PBXGroup;
			children = (
				1058C7A1FEA54F0111CA2CBB /* Cocoa.framework */,
			);
			name = "Linked Frameworks";
			sourceTree = "<group>";
		};
		1058C7A2FEA54F0111CA2CBB /* Other Frameworks */ = {
			isa = PBXGroup;
			children = (
				30350A3E123317AA00DDD914 /* IOKit.framework */,
				29B97324FDCFA39411CA2CEA /* AppKit.framework */,
				13E42FB307B3F0F600E4EEF1 /* CoreData.framework */,
				29B97325FDCFA39411CA2CEA /* Foundation.framework */,
			);
			name = "Other Frameworks";
			sourceTree = "<group>";
		};
		19C28FACFE9D520D11CA2CBB /* Products */ = {
			isa = PBXGroup;
			children = (
				8D1107320486CEB800E47090 /* Armadillo.app */,
			);
			name = Products;
			sourceTree = "<group>";
		};
		29B97314FDCFA39411CA2CEA /* Armadillo */ = {
			isa = PBXGroup;
			children = (
				080E96DDFE201D6D7F000001 /* Classes */,
				29B97315FDCFA39411CA2CEA /* Other Sources */,
				29B97317FDCFA39411CA2CEA /* Resources */,
				29B97323FDCFA39411CA2CEA /* Frameworks */,
				19C28FACFE9D520D11CA2CBB /* Products */,
			);
			name = Armadillo;
			sourceTree = "<group>";
		};
		29B97315FDCFA39411CA2CEA /* Other Sources */ = {
			isa = PBXGroup;
			children = (
				309B55C51251E2F300EDA358 /* appleremote.h */,
				309B55C61251E2F300EDA358 /* appleremote.c */,
				304125F3123EE28D00BDD47C /* genir.h */,
				304125F4123EE28D00BDD47C /* genir.c */,
				3035090A1233177800DDD914 /* serial.h */,
				303509071233177800DDD914 /* serial.c */,
				304B8FF8124B7E2F0076FC99 /* WinTypes.h */,
				304B8FF3124B7D9D0076FC99 /* ftd2xx.h */,
				304B8FED124B7CA30076FC99 /* bitbang.h */,
				304B8FEE124B7CA30076FC99 /* bitbang.c */,
				303509081233177800DDD914 /* pcoprs1.h */,
				303509091233177800DDD914 /* pcoprs1.c */,
				303509041233176500DDD914 /* crossam2.h */,
				303509051233176500DDD914 /* crossam2.c */,
				32CA4F630368D1EE00C91783 /* Armadillo_Prefix.pch */,
				304264E212581884004E83A2 /* main.h */,
				29B97316FDCFA39411CA2CEA /* main.m */,
			);
			name = "Other Sources";
			sourceTree = "<group>";
		};
		29B97317FDCFA39411CA2CEA /* Resources */ = {
			isa = PBXGroup;
			children = (
				F5FDCCEC163C96A90043C30A /* Armadillo.icns */,
				F5C2180613F291CC00C676FF /* ArmadilloSuite.scriptSuite */,
				F5C2180713F291CC00C676FF /* ArmadilloSuite.scriptTerminology */,
				309B4D8A1253F2A400F8CE75 /* ArmadilloSuite.sdef */,
				8D1107310486CEB800E47090 /* Info.plist */,
				089C165CFE840E0CC02AAC07 /* InfoPlist.strings */,
				1DDD58140DA1D0A300B32029 /* MainMenu.xib */,
			);
			name = Resources;
			sourceTree = "<group>";
		};
		29B97323FDCFA39411CA2CEA /* Frameworks */ = {
			isa = PBXGroup;
			children = (
				30DE5B90124B8E0E00D7F231 /* My Frameworks */,
				1058C7A0FEA54F0111CA2CBB /* Linked Frameworks */,
				1058C7A2FEA54F0111CA2CBB /* Other Frameworks */,
			);
			name = Frameworks;
			sourceTree = "<group>";
		};
		30DE5B90124B8E0E00D7F231 /* My Frameworks */ = {
			isa = PBXGroup;
			children = (
				F5FDCCF9163C980B0043C30A /* libftd2xx.1.1.0.dylib */,
			);
			name = "My Frameworks";
			sourceTree = "<group>";
		};
/* End PBXGroup section */

/* Begin PBXNativeTarget section */
		8D1107260486CEB800E47090 /* Armadillo */ = {
			isa = PBXNativeTarget;
			buildConfigurationList = C01FCF4A08A954540054247B /* Build configuration list for PBXNativeTarget "Armadillo" */;
			buildPhases = (
				8D1107290486CEB800E47090 /* Resources */,
				8D11072C0486CEB800E47090 /* Sources */,
				8D11072E0486CEB800E47090 /* Frameworks */,
				30DE5B8F124B8DE700D7F231 /* CopyFiles */,
				F515C2AF13BBDBA60057E626 /* ShellScript */,
			);
			buildRules = (
			);
			dependencies = (
			);
			name = Armadillo;
			productInstallPath = "$(HOME)/Applications";
			productName = Armadillo;
			productReference = 8D1107320486CEB800E47090 /* Armadillo.app */;
			productType = "com.apple.product-type.application";
		};
/* End PBXNativeTarget section */

/* Begin PBXProject section */
		29B97313FDCFA39411CA2CEA /* Project object */ = {
			isa = PBXProject;
			buildConfigurationList = C01FCF4E08A954540054247B /* Build configuration list for PBXProject "Armadillo" */;
			compatibilityVersion = "Xcode 3.1";
			developmentRegion = English;
			hasScannedForEncodings = 1;
			knownRegions = (
				English,
				Japanese,
				French,
				German,
			);
			mainGroup = 29B97314FDCFA39411CA2CEA /* Armadillo */;
			projectDirPath = "";
			projectRoot = "";
			targets = (
				8D1107260486CEB800E47090 /* Armadillo */,
			);
		};
/* End PBXProject section */

/* Begin PBXResourcesBuildPhase section */
		8D1107290486CEB800E47090 /* Resources */ = {
			isa = PBXResourcesBuildPhase;
			buildActionMask = 2147483647;
			files = (
				8D11072B0486CEB800E47090 /* InfoPlist.strings in Resources */,
				1DDD58160DA1D0A300B32029 /* MainMenu.xib in Resources */,
				F5C2182213F29D8000C676FF /* ArmadilloSuite.scriptSuite in Resources */,
				F5C2182313F29D8000C676FF /* ArmadilloSuite.scriptTerminology in Resources */,
				F5FDCCED163C96A90043C30A /* Armadillo.icns in Resources */,
			);
			runOnlyForDeploymentPostprocessing = 0;
		};
/* End PBXResourcesBuildPhase section */

/* Begin PBXShellScriptBuildPhase section */
		F515C2AF13BBDBA60057E626 /* ShellScript */ = {
			isa = PBXShellScriptBuildPhase;
			buildActionMask = 2147483647;
			files = (
			);
			inputPaths = (
			);
			outputPaths = (
			);
			runOnlyForDeploymentPostprocessing = 0;
			shellPath = /bin/sh;
			shellScript = "install_name_tool -id @executable_path/../Frameworks/libftd2xx.1.0.4.dylib libftd2xx.1.0.4.dylib";
		};
/* End PBXShellScriptBuildPhase section */

/* Begin PBXSourcesBuildPhase section */
		8D11072C0486CEB800E47090 /* Sources */ = {
			isa = PBXSourcesBuildPhase;
			buildActionMask = 2147483647;
			files = (
				8D11072D0486CEB800E47090 /* main.m in Sources */,
				303509031233175700DDD914 /* Armadillo.m in Sources */,
				303509061233176500DDD914 /* crossam2.c in Sources */,
				3035090B1233177800DDD914 /* serial.c in Sources */,
				3035090C1233177800DDD914 /* pcoprs1.c in Sources */,
				304125F5123EE28D00BDD47C /* genir.c in Sources */,
				307EF11A1245CC6100A021AD /* IrPatternView.m in Sources */,
				304B8FEF124B7CA30076FC99 /* bitbang.c in Sources */,
				309B55C71251E2F300EDA358 /* appleremote.c in Sources */,
			);
			runOnlyForDeploymentPostprocessing = 0;
		};
/* End PBXSourcesBuildPhase section */

/* Begin PBXVariantGroup section */
		089C165CFE840E0CC02AAC07 /* InfoPlist.strings */ = {
			isa = PBXVariantGroup;
			children = (
				089C165DFE840E0CC02AAC07 /* English */,
			);
			name = InfoPlist.strings;
			sourceTree = "<group>";
		};
		1DDD58140DA1D0A300B32029 /* MainMenu.xib */ = {
			isa = PBXVariantGroup;
			children = (
				1DDD58150DA1D0A300B32029 /* English */,
			);
			name = MainMenu.xib;
			sourceTree = "<group>";
		};
/* End PBXVariantGroup section */

/* Begin XCBuildConfiguration section */
		C01FCF4B08A954540054247B /* Debug */ = {
			isa = XCBuildConfiguration;
			buildSettings = {
				ALWAYS_SEARCH_USER_PATHS = NO;
				COPY_PHASE_STRIP = NO;
				GCC_DYNAMIC_NO_PIC = NO;
				GCC_ENABLE_FIX_AND_CONTINUE = YES;
				GCC_MODEL_TUNING = G5;
				GCC_OPTIMIZATION_LEVEL = 0;
				GCC_PRECOMPILE_PREFIX_HEADER = YES;
				GCC_PREFIX_HEADER = Armadillo_Prefix.pch;
				GCC_VERSION = 4.0;
				INFOPLIST_FILE = Info.plist;
				INSTALL_PATH = "$(HOME)/Applications";
				LIBRARY_SEARCH_PATHS = (
					"$(inherited)",
					"\"$(SRCROOT)\"",
				);
				PRODUCT_NAME = Armadillo;
				SDKROOT = macosx10.4;
				VALID_ARCHS = "i386 ppc";
			};
			name = Debug;
		};
		C01FCF4C08A954540054247B /* Release */ = {
			isa = XCBuildConfiguration;
			buildSettings = {
				ALWAYS_SEARCH_USER_PATHS = NO;
				DEBUG_INFORMATION_FORMAT = "dwarf-with-dsym";
				GCC_MODEL_TUNING = G5;
				GCC_PRECOMPILE_PREFIX_HEADER = YES;
				GCC_PREFIX_HEADER = Armadillo_Prefix.pch;
				GCC_VERSION = 4.0;
				INFOPLIST_FILE = Info.plist;
				INSTALL_PATH = "$(HOME)/Applications";
				LIBRARY_SEARCH_PATHS = (
					"$(inherited)",
					"\"$(SRCROOT)\"",
				);
				PRODUCT_NAME = Armadillo;
				SDKROOT = macosx10.4;
				VALID_ARCHS = "i386 ppc";
			};
			name = Release;
		};
		C01FCF4F08A954540054247B /* Debug */ = {
			isa = XCBuildConfiguration;
			buildSettings = {
				ARCHS = "$(ARCHS_STANDARD_32_BIT)";
				GCC_C_LANGUAGE_STANDARD = c99;
				GCC_OPTIMIZATION_LEVEL = 0;
				GCC_WARN_ABOUT_RETURN_TYPE = YES;
				GCC_WARN_UNUSED_VARIABLE = YES;
				ONLY_ACTIVE_ARCH = YES;
				PREBINDING = NO;
				SDKROOT = macosx10.5;
			};
			name = Debug;
		};
		C01FCF5008A954540054247B /* Release */ = {
			isa = XCBuildConfiguration;
			buildSettings = {
				ARCHS = "$(ARCHS_STANDARD_32_BIT)";
				GCC_C_LANGUAGE_STANDARD = c99;
				GCC_WARN_ABOUT_RETURN_TYPE = YES;
				GCC_WARN_UNUSED_VARIABLE = YES;
				PREBINDING = NO;
				SDKROOT = macosx10.5;
			};
			name = Release;
		};
/* End XCBuildConfiguration section */

/* Begin XCConfigurationList section */
		C01FCF4A08A954540054247B /* Build configuration list for PBXNativeTarget "Armadillo" */ = {
			isa = XCConfigurationList;
			buildConfigurations = (
				C01FCF4B08A954540054247B /* Debug */,
				C01FCF4C08A954540054247B /* Release */,
			);
			defaultConfigurationIsVisible = 0;
			defaultConfigurationName = Release;
		};
		C01FCF4E08A954540054247B /* Build configuration list for PBXProject "Armadillo" */ = {
			isa = XCConfigurationList;
			buildConfigurations = (
				C01FCF4F08A954540054247B /* Debug */,
				C01FCF5008A954540054247B /* Release */,
			);
			defaultConfigurationIsVisible = 0;
			defaultConfigurationName = Release;
		};
/* End XCConfigurationList section */
	};
	rootObject = 29B97313FDCFA39411CA2CEA /* Project object */;
}
